
Microsoft Visual Studio Solution File, Format Version 11.00
# Visual Studio 2010
Project("{FAE04EC0-301F-11D3-BF4B-00C04F79EFBC}") = "GitHub-XMPP.Core", "GitHub-XMPP.Core\GitHub-XMPP.Core.csproj", "{8397A1F6-E79C-4438-A47A-9E0026F7554F}"
EndProject
Project("{2150E333-8FDC-42A3-9474-1A3956D46DE8}") = ".nuget", ".nuget", "{6FBA1194-D4A8-4F62-9D50-B347B1295B49}"
	ProjectSection(SolutionItems) = preProject
		.nuget\NuGet.Config = .nuget\NuGet.Config
		.nuget\NuGet.exe = .nuget\NuGet.exe
		.nuget\NuGet.targets = .nuget\NuGet.targets
	EndProjectSection
EndProject
Project("{FAE04EC0-301F-11D3-BF4B-00C04F79EFBC}") = "GitHub-XMPP.Tests", "GitHub-XMPP.Tests\GitHub-XMPP.Tests.csproj", "{D1D16A41-27AA-46BC-B4AD-47CA2BA3A485}"
EndProject
Project("{FAE04EC0-301F-11D3-BF4B-00C04F79EFBC}") = "GitHubHookConfigurator", "GitHubHookConfigurator\GitHubHookConfigurator.csproj", "{4F6DCF3E-3D2C-48C0-925E-A484A01EC5E0}"
EndProject
Global
	GlobalSection(SolutionConfigurationPlatforms) = preSolution
		Debug|x86 = Debug|x86
		Release|x86 = Release|x86
	EndGlobalSection
	GlobalSection(ProjectConfigurationPlatforms) = postSolution
		{8397A1F6-E79C-4438-A47A-9E0026F7554F}.Debug|x86.ActiveCfg = Debug|x86
		{8397A1F6-E79C-4438-A47A-9E0026F7554F}.Debug|x86.Build.0 = Debug|x86
		{8397A1F6-E79C-4438-A47A-9E0026F7554F}.Release|x86.ActiveCfg = Release|x86
		{8397A1F6-E79C-4438-A47A-9E0026F7554F}.Release|x86.Build.0 = Release|x86
		{D1D16A41-27AA-46BC-B4AD-47CA2BA3A485}.Debug|x86.ActiveCfg = Debug|x86
		{D1D16A41-27AA-46BC-B4AD-47CA2BA3A485}.Debug|x86.Build.0 = Debug|x86
		{D1D16A41-27AA-46BC-B4AD-47CA2BA3A485}.Release|x86.ActiveCfg = Release|x86
		{D1D16A41-27AA-46BC-B4AD-47CA2BA3A485}.Release|x86.Build.0 = Release|x86
		{4F6DCF3E-3D2C-48C0-925E-A484A01EC5E0}.Debug|x86.ActiveCfg = Debug|x86
		{4F6DCF3E-3D2C-48C0-925E-A484A01EC5E0}.Debug|x86.Build.0 = Debug|x86
		{4F6DCF3E-3D2C-48C0-925E-A484A01EC5E0}.Release|x86.ActiveCfg = Release|x86
		{4F6DCF3E-3D2C-48C0-925E-A484A01EC5E0}.Release|x86.Build.0 = Release|x86
	EndGlobalSection
	GlobalSection(SolutionProperties) = preSolution
		HideSolutionNode = FALSE
	EndGlobalSection
EndGlobal
